
Microsoft Visual Studio Solution File, Format Version 12.00
# Visual Studio Version 17
VisualStudioVersion = 17.14.36414.22 d17.14
MinimumVisualStudioVersion = 10.0.40219.1
Project("{FAE04EC0-301F-11D3-BF4B-00C04F79EFBC}") = "Tuan2", "Tuan2\Tuan2.csproj", "{1AEFE7D2-A20F-4CDD-B0EC-3A39826B7767}"
EndProject
Global
	GlobalSection(SolutionConfigurationPlatforms) = preSolution
		Debug|Any CPU = Debug|Any CPU
		Release|Any CPU = Release|Any CPU
	EndGlobalSection
	GlobalSection(ProjectConfigurationPlatforms) = postSolution
		{1AEFE7D2-A20F-4CDD-B0EC-3A39826B7767}.Debug|Any CPU.ActiveCfg = Debug|Any CPU
		{1AEFE7D2-A20F-4CDD-B0EC-3A39826B7767}.Debug|Any CPU.Build.0 = Debug|Any CPU
		{1AEFE7D2-A20F-4CDD-B0EC-3A39826B7767}.Release|Any CPU.ActiveCfg = Release|Any CPU
		{1AEFE7D2-A20F-4CDD-B0EC-3A39826B7767}.Release|Any CPU.Build.0 = Release|Any CPU
	EndGlobalSection
	GlobalSection(SolutionProperties) = preSolution
		HideSolutionNode = FALSE
	EndGlobalSection
	GlobalSection(ExtensibilityGlobals) = postSolution
		SolutionGuid = {B8E837C1-C971-4698-BB51-0587C3F45FC0}
	EndGlobalSection
EndGlobal
